
Microsoft Visual Studio Solution File, Format Version 12.00
# Visual Studio Version 17
VisualStudioVersion = 17.10.35013.160
MinimumVisualStudioVersion = 10.0.40219.1
Project("{FAE04EC0-301F-11D3-BF4B-00C04F79EFBC}") = "Hangman", "Hangman.csproj", "{6F906B5E-826F-43AC-B3F3-5FA43AA14DE1}"
EndProject
Global
	GlobalSection(SolutionConfigurationPlatforms) = preSolution
		Debug|Any CPU = Debug|Any CPU
		Release|Any CPU = Release|Any CPU
	EndGlobalSection
	GlobalSection(ProjectConfigurationPlatforms) = postSolution
		{6F906B5E-826F-43AC-B3F3-5FA43AA14DE1}.Debug|Any CPU.ActiveCfg = Debug|Any CPU
		{6F906B5E-826F-43AC-B3F3-5FA43AA14DE1}.Debug|Any CPU.Build.0 = Debug|Any CPU
		{6F906B5E-826F-43AC-B3F3-5FA43AA14DE1}.Release|Any CPU.ActiveCfg = Release|Any CPU
		{6F906B5E-826F-43AC-B3F3-5FA43AA14DE1}.Release|Any CPU.Build.0 = Release|Any CPU
	EndGlobalSection
	GlobalSection(SolutionProperties) = preSolution
		HideSolutionNode = FALSE
	EndGlobalSection
	GlobalSection(ExtensibilityGlobals) = postSolution
		SolutionGuid = {E123D955-9545-465A-8F82-95B4D7E97D5B}
	EndGlobalSection
EndGlobal
